
Microsoft Visual Studio Solution File, Format Version 12.00
# Visual Studio Version 16
VisualStudioVersion = 16.0.31402.337
MinimumVisualStudioVersion = 10.0.40219.1
Project("{FAE04EC0-301F-11D3-BF4B-00C04F79EFBC}") = "demoapp", "demoapp\demoapp.csproj", "{0A782E8C-D189-4C67-B7D7-A6DBFA12B992}"
EndProject
Global
	GlobalSection(SolutionConfigurationPlatforms) = preSolution
		Debug|Any CPU = Debug|Any CPU
		Release|Any CPU = Release|Any CPU
	EndGlobalSection
	GlobalSection(ProjectConfigurationPlatforms) = postSolution
		{0A782E8C-D189-4C67-B7D7-A6DBFA12B992}.Debug|Any CPU.ActiveCfg = Debug|Any CPU
		{0A782E8C-D189-4C67-B7D7-A6DBFA12B992}.Debug|Any CPU.Build.0 = Debug|Any CPU
		{0A782E8C-D189-4C67-B7D7-A6DBFA12B992}.Release|Any CPU.ActiveCfg = Release|Any CPU
		{0A782E8C-D189-4C67-B7D7-A6DBFA12B992}.Release|Any CPU.Build.0 = Release|Any CPU
	EndGlobalSection
	GlobalSection(SolutionProperties) = preSolution
		HideSolutionNode = FALSE
	EndGlobalSection
	GlobalSection(ExtensibilityGlobals) = postSolution
		SolutionGuid = {016C905D-2AE6-4DC4-BA4D-8174CD5B0885}
	EndGlobalSection
EndGlobal
